
Microsoft Visual Studio Solution File, Format Version 12.00
# Visual Studio Version 16
VisualStudioVersion = 16.0.31613.86
MinimumVisualStudioVersion = 10.0.40219.1
Project("{FAE04EC0-301F-11D3-BF4B-00C04F79EFBC}") = "Singleton", "Singletone\Singleton.csproj", "{AB8C5C5E-46EA-44AB-91B2-BA5F7653C5C7}"
EndProject
Project("{FAE04EC0-301F-11D3-BF4B-00C04F79EFBC}") = "Prototype", "Prototype\Prototype.csproj", "{2D193DC5-AA72-4FD4-A476-1EADF1C7BF32}"
EndProject
Global
	GlobalSection(SolutionConfigurationPlatforms) = preSolution
		Debug|Any CPU = Debug|Any CPU
		Release|Any CPU = Release|Any CPU
	EndGlobalSection
	GlobalSection(ProjectConfigurationPlatforms) = postSolution
		{AB8C5C5E-46EA-44AB-91B2-BA5F7653C5C7}.Debug|Any CPU.ActiveCfg = Debug|Any CPU
		{AB8C5C5E-46EA-44AB-91B2-BA5F7653C5C7}.Debug|Any CPU.Build.0 = Debug|Any CPU
		{AB8C5C5E-46EA-44AB-91B2-BA5F7653C5C7}.Release|Any CPU.ActiveCfg = Release|Any CPU
		{AB8C5C5E-46EA-44AB-91B2-BA5F7653C5C7}.Release|Any CPU.Build.0 = Release|Any CPU
		{2D193DC5-AA72-4FD4-A476-1EADF1C7BF32}.Debug|Any CPU.ActiveCfg = Debug|Any CPU
		{2D193DC5-AA72-4FD4-A476-1EADF1C7BF32}.Debug|Any CPU.Build.0 = Debug|Any CPU
		{2D193DC5-AA72-4FD4-A476-1EADF1C7BF32}.Release|Any CPU.ActiveCfg = Release|Any CPU
		{2D193DC5-AA72-4FD4-A476-1EADF1C7BF32}.Release|Any CPU.Build.0 = Release|Any CPU
	EndGlobalSection
	GlobalSection(SolutionProperties) = preSolution
		HideSolutionNode = FALSE
	EndGlobalSection
	GlobalSection(ExtensibilityGlobals) = postSolution
		SolutionGuid = {50759E6F-C280-42F2-A217-42D3FFCB6B51}
	EndGlobalSection
EndGlobal
