
Microsoft Visual Studio Solution File, Format Version 12.00
# Visual Studio Version 16
VisualStudioVersion = 16.0.31613.86
MinimumVisualStudioVersion = 10.0.40219.1
Project("{9A19103F-16F7-4668-BE54-9A1E7A4F7556}") = "Singleton", "Singletone\Singleton.csproj", "{AB8C5C5E-46EA-44AB-91B2-BA5F7653C5C7}"
EndProject
Project("{9A19103F-16F7-4668-BE54-9A1E7A4F7556}") = "Prototype", "Prototype\Prototype.csproj", "{2D193DC5-AA72-4FD4-A476-1EADF1C7BF32}"
EndProject
Project("{9A19103F-16F7-4668-BE54-9A1E7A4F7556}") = "FactoryMethod", "FactoryMethod\FactoryMethod.csproj", "{AE058067-AF28-48C1-9731-CA75C7CF90AE}"
EndProject
Project("{9A19103F-16F7-4668-BE54-9A1E7A4F7556}") = "AbstractFactory", "AbstractFactory\AbstractFactory.csproj", "{351D67A6-C165-49C0-A986-DE1E71814B08}"
EndProject
Project("{9A19103F-16F7-4668-BE54-9A1E7A4F7556}") = "Builder", "Builder\Builder.csproj", "{EF82AA0A-A7F0-4003-A469-62DC2A253E61}"
EndProject
Project("{9A19103F-16F7-4668-BE54-9A1E7A4F7556}") = "Pool", "Pool\Pool.csproj", "{5427580D-B1CB-489F-849F-DC2E50E4D736}"
EndProject
Project("{9A19103F-16F7-4668-BE54-9A1E7A4F7556}") = "Adapter", "Adapter\Adapter.csproj", "{8995E66E-1035-4A9B-B532-67FA0C5C3C66}"
EndProject
Project("{9A19103F-16F7-4668-BE54-9A1E7A4F7556}") = "Bridge", "Bridge\Bridge.csproj", "{B70540BE-42F1-408D-8FD7-1033631CB7B2}"
EndProject
Project("{9A19103F-16F7-4668-BE54-9A1E7A4F7556}") = "Composite", "Composite\Composite.csproj", "{D1DB952F-6077-4E22-9E0B-BF10D7B0BA33}"
EndProject
Project("{9A19103F-16F7-4668-BE54-9A1E7A4F7556}") = "Decorator", "Decorator\Decorator.csproj", "{0687E97F-B592-49D2-AF91-2A6A8FC253AB}"
EndProject
Project("{9A19103F-16F7-4668-BE54-9A1E7A4F7556}") = "Facade", "Facade\Facade.csproj", "{213BCC81-2E8D-402D-9468-0B0D210A2CC7}"
EndProject
Project("{9A19103F-16F7-4668-BE54-9A1E7A4F7556}") = "Flyweight", "Flyweight\Flyweight.csproj", "{EC375809-8FAF-4585-B1A1-4413719F6D53}"
EndProject
Project("{9A19103F-16F7-4668-BE54-9A1E7A4F7556}") = "Proxy", "Proxy\Proxy.csproj", "{B72031EE-CDE5-4A20-9DFA-FD33BDE531FA}"
EndProject
Project("{FAE04EC0-301F-11D3-BF4B-00C04F79EFBC}") = "ChainOfResponsibility", "ChainOfResponsibility\ChainOfResponsibility.csproj", "{10B7816C-62FC-49CE-8D5D-7A4C9AB5F5D3}"
EndProject
Global
	GlobalSection(SolutionConfigurationPlatforms) = preSolution
		Debug|Any CPU = Debug|Any CPU
		Release|Any CPU = Release|Any CPU
	EndGlobalSection
	GlobalSection(ProjectConfigurationPlatforms) = postSolution
		{AB8C5C5E-46EA-44AB-91B2-BA5F7653C5C7}.Debug|Any CPU.ActiveCfg = Debug|Any CPU
		{AB8C5C5E-46EA-44AB-91B2-BA5F7653C5C7}.Debug|Any CPU.Build.0 = Debug|Any CPU
		{AB8C5C5E-46EA-44AB-91B2-BA5F7653C5C7}.Release|Any CPU.ActiveCfg = Release|Any CPU
		{AB8C5C5E-46EA-44AB-91B2-BA5F7653C5C7}.Release|Any CPU.Build.0 = Release|Any CPU
		{2D193DC5-AA72-4FD4-A476-1EADF1C7BF32}.Debug|Any CPU.ActiveCfg = Debug|Any CPU
		{2D193DC5-AA72-4FD4-A476-1EADF1C7BF32}.Debug|Any CPU.Build.0 = Debug|Any CPU
		{2D193DC5-AA72-4FD4-A476-1EADF1C7BF32}.Release|Any CPU.ActiveCfg = Release|Any CPU
		{2D193DC5-AA72-4FD4-A476-1EADF1C7BF32}.Release|Any CPU.Build.0 = Release|Any CPU
		{AE058067-AF28-48C1-9731-CA75C7CF90AE}.Debug|Any CPU.ActiveCfg = Debug|Any CPU
		{AE058067-AF28-48C1-9731-CA75C7CF90AE}.Debug|Any CPU.Build.0 = Debug|Any CPU
		{AE058067-AF28-48C1-9731-CA75C7CF90AE}.Release|Any CPU.ActiveCfg = Release|Any CPU
		{AE058067-AF28-48C1-9731-CA75C7CF90AE}.Release|Any CPU.Build.0 = Release|Any CPU
		{351D67A6-C165-49C0-A986-DE1E71814B08}.Debug|Any CPU.ActiveCfg = Debug|Any CPU
		{351D67A6-C165-49C0-A986-DE1E71814B08}.Debug|Any CPU.Build.0 = Debug|Any CPU
		{351D67A6-C165-49C0-A986-DE1E71814B08}.Release|Any CPU.ActiveCfg = Release|Any CPU
		{351D67A6-C165-49C0-A986-DE1E71814B08}.Release|Any CPU.Build.0 = Release|Any CPU
		{EF82AA0A-A7F0-4003-A469-62DC2A253E61}.Debug|Any CPU.ActiveCfg = Debug|Any CPU
		{EF82AA0A-A7F0-4003-A469-62DC2A253E61}.Debug|Any CPU.Build.0 = Debug|Any CPU
		{EF82AA0A-A7F0-4003-A469-62DC2A253E61}.Release|Any CPU.ActiveCfg = Release|Any CPU
		{EF82AA0A-A7F0-4003-A469-62DC2A253E61}.Release|Any CPU.Build.0 = Release|Any CPU
		{5427580D-B1CB-489F-849F-DC2E50E4D736}.Debug|Any CPU.ActiveCfg = Debug|Any CPU
		{5427580D-B1CB-489F-849F-DC2E50E4D736}.Debug|Any CPU.Build.0 = Debug|Any CPU
		{5427580D-B1CB-489F-849F-DC2E50E4D736}.Release|Any CPU.ActiveCfg = Release|Any CPU
		{5427580D-B1CB-489F-849F-DC2E50E4D736}.Release|Any CPU.Build.0 = Release|Any CPU
		{8995E66E-1035-4A9B-B532-67FA0C5C3C66}.Debug|Any CPU.ActiveCfg = Debug|Any CPU
		{8995E66E-1035-4A9B-B532-67FA0C5C3C66}.Debug|Any CPU.Build.0 = Debug|Any CPU
		{8995E66E-1035-4A9B-B532-67FA0C5C3C66}.Release|Any CPU.ActiveCfg = Release|Any CPU
		{8995E66E-1035-4A9B-B532-67FA0C5C3C66}.Release|Any CPU.Build.0 = Release|Any CPU
		{B70540BE-42F1-408D-8FD7-1033631CB7B2}.Debug|Any CPU.ActiveCfg = Debug|Any CPU
		{B70540BE-42F1-408D-8FD7-1033631CB7B2}.Debug|Any CPU.Build.0 = Debug|Any CPU
		{B70540BE-42F1-408D-8FD7-1033631CB7B2}.Release|Any CPU.ActiveCfg = Release|Any CPU
		{B70540BE-42F1-408D-8FD7-1033631CB7B2}.Release|Any CPU.Build.0 = Release|Any CPU
		{D1DB952F-6077-4E22-9E0B-BF10D7B0BA33}.Debug|Any CPU.ActiveCfg = Debug|Any CPU
		{D1DB952F-6077-4E22-9E0B-BF10D7B0BA33}.Debug|Any CPU.Build.0 = Debug|Any CPU
		{D1DB952F-6077-4E22-9E0B-BF10D7B0BA33}.Release|Any CPU.ActiveCfg = Release|Any CPU
		{D1DB952F-6077-4E22-9E0B-BF10D7B0BA33}.Release|Any CPU.Build.0 = Release|Any CPU
		{0687E97F-B592-49D2-AF91-2A6A8FC253AB}.Debug|Any CPU.ActiveCfg = Debug|Any CPU
		{0687E97F-B592-49D2-AF91-2A6A8FC253AB}.Debug|Any CPU.Build.0 = Debug|Any CPU
		{0687E97F-B592-49D2-AF91-2A6A8FC253AB}.Release|Any CPU.ActiveCfg = Release|Any CPU
		{0687E97F-B592-49D2-AF91-2A6A8FC253AB}.Release|Any CPU.Build.0 = Release|Any CPU
		{213BCC81-2E8D-402D-9468-0B0D210A2CC7}.Debug|Any CPU.ActiveCfg = Debug|Any CPU
		{213BCC81-2E8D-402D-9468-0B0D210A2CC7}.Debug|Any CPU.Build.0 = Debug|Any CPU
		{213BCC81-2E8D-402D-9468-0B0D210A2CC7}.Release|Any CPU.ActiveCfg = Release|Any CPU
		{213BCC81-2E8D-402D-9468-0B0D210A2CC7}.Release|Any CPU.Build.0 = Release|Any CPU
		{EC375809-8FAF-4585-B1A1-4413719F6D53}.Debug|Any CPU.ActiveCfg = Debug|Any CPU
		{EC375809-8FAF-4585-B1A1-4413719F6D53}.Debug|Any CPU.Build.0 = Debug|Any CPU
		{EC375809-8FAF-4585-B1A1-4413719F6D53}.Release|Any CPU.ActiveCfg = Release|Any CPU
		{EC375809-8FAF-4585-B1A1-4413719F6D53}.Release|Any CPU.Build.0 = Release|Any CPU
		{B72031EE-CDE5-4A20-9DFA-FD33BDE531FA}.Debug|Any CPU.ActiveCfg = Debug|Any CPU
		{B72031EE-CDE5-4A20-9DFA-FD33BDE531FA}.Debug|Any CPU.Build.0 = Debug|Any CPU
		{B72031EE-CDE5-4A20-9DFA-FD33BDE531FA}.Release|Any CPU.ActiveCfg = Release|Any CPU
		{B72031EE-CDE5-4A20-9DFA-FD33BDE531FA}.Release|Any CPU.Build.0 = Release|Any CPU
		{10B7816C-62FC-49CE-8D5D-7A4C9AB5F5D3}.Debug|Any CPU.ActiveCfg = Debug|Any CPU
		{10B7816C-62FC-49CE-8D5D-7A4C9AB5F5D3}.Debug|Any CPU.Build.0 = Debug|Any CPU
		{10B7816C-62FC-49CE-8D5D-7A4C9AB5F5D3}.Release|Any CPU.ActiveCfg = Release|Any CPU
		{10B7816C-62FC-49CE-8D5D-7A4C9AB5F5D3}.Release|Any CPU.Build.0 = Release|Any CPU
	EndGlobalSection
	GlobalSection(SolutionProperties) = preSolution
		HideSolutionNode = FALSE
	EndGlobalSection
	GlobalSection(ExtensibilityGlobals) = postSolution
		SolutionGuid = {50759E6F-C280-42F2-A217-42D3FFCB6B51}
	EndGlobalSection
EndGlobal
